
Microsoft Visual Studio Solution File, Format Version 12.00
# Visual Studio Version 16
VisualStudioVersion = 16.0.30413.136
MinimumVisualStudioVersion = 10.0.40219.1
Project("{FAE04EC0-301F-11D3-BF4B-00C04F79EFBC}") = "rpr", "rpr\rpr.csproj", "{943B9952-0412-4C2A-B9C7-4360478891E9}"
EndProject
Global
	GlobalSection(SolutionConfigurationPlatforms) = preSolution
		Debug|Any CPU = Debug|Any CPU
		Release|Any CPU = Release|Any CPU
	EndGlobalSection
	GlobalSection(ProjectConfigurationPlatforms) = postSolution
		{943B9952-0412-4C2A-B9C7-4360478891E9}.Debug|Any CPU.ActiveCfg = Debug|Any CPU
		{943B9952-0412-4C2A-B9C7-4360478891E9}.Debug|Any CPU.Build.0 = Debug|Any CPU
		{943B9952-0412-4C2A-B9C7-4360478891E9}.Release|Any CPU.ActiveCfg = Release|Any CPU
		{943B9952-0412-4C2A-B9C7-4360478891E9}.Release|Any CPU.Build.0 = Release|Any CPU
	EndGlobalSection
	GlobalSection(SolutionProperties) = preSolution
		HideSolutionNode = FALSE
	EndGlobalSection
	GlobalSection(ExtensibilityGlobals) = postSolution
		SolutionGuid = {54127E15-109D-4C0F-91E4-00E3BE8EE27A}
	EndGlobalSection
EndGlobal
